
Microsoft Visual Studio Solution File, Format Version 12.00
# Visual Studio Version 17
VisualStudioVersion = 17.6.33815.320
MinimumVisualStudioVersion = 10.0.40219.1
Project("{FAE04EC0-301F-11D3-BF4B-00C04F79EFBC}") = "RestAPI", "RestAPI\RestAPI.csproj", "{DA4A71EC-7B00-4C5E-9259-75C255A22C00}"
EndProject
Global
	GlobalSection(SolutionConfigurationPlatforms) = preSolution
		Debug|Any CPU = Debug|Any CPU
		Release|Any CPU = Release|Any CPU
	EndGlobalSection
	GlobalSection(ProjectConfigurationPlatforms) = postSolution
		{DA4A71EC-7B00-4C5E-9259-75C255A22C00}.Debug|Any CPU.ActiveCfg = Debug|Any CPU
		{DA4A71EC-7B00-4C5E-9259-75C255A22C00}.Debug|Any CPU.Build.0 = Debug|Any CPU
		{DA4A71EC-7B00-4C5E-9259-75C255A22C00}.Release|Any CPU.ActiveCfg = Release|Any CPU
		{DA4A71EC-7B00-4C5E-9259-75C255A22C00}.Release|Any CPU.Build.0 = Release|Any CPU
	EndGlobalSection
	GlobalSection(SolutionProperties) = preSolution
		HideSolutionNode = FALSE
	EndGlobalSection
	GlobalSection(ExtensibilityGlobals) = postSolution
		SolutionGuid = {EA11FFDF-34D7-48B2-96CF-154DB6161CCC}
	EndGlobalSection
EndGlobal
